
Microsoft Visual Studio Solution File, Format Version 12.00
# Visual Studio 15
VisualStudioVersion = 15.0.28010.2016
MinimumVisualStudioVersion = 10.0.40219.1
Project("{FAE04EC0-301F-11D3-BF4B-00C04F79EFBC}") = "Scrawler", "Scrawler.csproj", "{13E0E282-E485-4BCE-948F-ADD1AF382E48}"
EndProject
Project("{FAE04EC0-301F-11D3-BF4B-00C04F79EFBC}") = "Scrawler.Testing", "..\Scrawler.Testing\Scrawler.Testing.csproj", "{AA2BFC30-67DA-4575-A082-1E49565B7160}"
EndProject
Project("{FAE04EC0-301F-11D3-BF4B-00C04F79EFBC}") = "Scrawler.Crawler", "Scrawler.Crawler\Scrawler.Crawler.csproj", "{AAFAC356-5F9F-419B-BC03-F9E5C5856F34}"
EndProject
Global
	GlobalSection(SolutionConfigurationPlatforms) = preSolution
		Debug|Any CPU = Debug|Any CPU
		Release|Any CPU = Release|Any CPU
	EndGlobalSection
	GlobalSection(ProjectConfigurationPlatforms) = postSolution
		{13E0E282-E485-4BCE-948F-ADD1AF382E48}.Debug|Any CPU.ActiveCfg = Debug|Any CPU
		{13E0E282-E485-4BCE-948F-ADD1AF382E48}.Debug|Any CPU.Build.0 = Debug|Any CPU
		{13E0E282-E485-4BCE-948F-ADD1AF382E48}.Release|Any CPU.ActiveCfg = Release|Any CPU
		{13E0E282-E485-4BCE-948F-ADD1AF382E48}.Release|Any CPU.Build.0 = Release|Any CPU
		{AA2BFC30-67DA-4575-A082-1E49565B7160}.Debug|Any CPU.ActiveCfg = Debug|Any CPU
		{AA2BFC30-67DA-4575-A082-1E49565B7160}.Debug|Any CPU.Build.0 = Debug|Any CPU
		{AA2BFC30-67DA-4575-A082-1E49565B7160}.Release|Any CPU.ActiveCfg = Release|Any CPU
		{AA2BFC30-67DA-4575-A082-1E49565B7160}.Release|Any CPU.Build.0 = Release|Any CPU
		{AAFAC356-5F9F-419B-BC03-F9E5C5856F34}.Debug|Any CPU.ActiveCfg = Debug|Any CPU
		{AAFAC356-5F9F-419B-BC03-F9E5C5856F34}.Debug|Any CPU.Build.0 = Debug|Any CPU
		{AAFAC356-5F9F-419B-BC03-F9E5C5856F34}.Release|Any CPU.ActiveCfg = Release|Any CPU
		{AAFAC356-5F9F-419B-BC03-F9E5C5856F34}.Release|Any CPU.Build.0 = Release|Any CPU
	EndGlobalSection
	GlobalSection(SolutionProperties) = preSolution
		HideSolutionNode = FALSE
	EndGlobalSection
	GlobalSection(ExtensibilityGlobals) = postSolution
		SolutionGuid = {5FA1FCD1-1BF1-456D-863E-1DA3D478FED5}
	EndGlobalSection
EndGlobal
